// !$*UTF8*$!
{
	archiveVersion = 1;
	classes = {
	};
	objectVersion = 56;
	objects = {

/* Begin PBXBuildFile section */
		7D33D56F2ACF6F6000F50595 /* PlaySoundsViewController.swift in Sources */ = {isa = PBXBuildFile; fileRef = 7D33D56E2ACF6F6000F50595 /* PlaySoundsViewController.swift */; };
		7D500F032ACE3514009F125D /* AppDelegate.swift in Sources */ = {isa = PBXBuildFile; fileRef = 7D500F022ACE3514009F125D /* AppDelegate.swift */; };
		7D500F052ACE3514009F125D /* SceneDelegate.swift in Sources */ = {isa = PBXBuildFile; fileRef = 7D500F042ACE3514009F125D /* SceneDelegate.swift */; };
		7D500F072ACE3514009F125D /* RecordSoundsViewController.swift in Sources */ = {isa = PBXBuildFile; fileRef = 7D500F062ACE3514009F125D /* RecordSoundsViewController.swift */; };
		7D500F0A2ACE3514009F125D /* Main.storyboard in Resources */ = {isa = PBXBuildFile; fileRef = 7D500F082ACE3514009F125D /* Main.storyboard */; };
		7D500F0C2ACE3519009F125D /* Assets.xcassets in Resources */ = {isa = PBXBuildFile; fileRef = 7D500F0B2ACE3519009F125D /* Assets.xcassets */; };
		7D500F0F2ACE3519009F125D /* LaunchScreen.storyboard in Resources */ = {isa = PBXBuildFile; fileRef = 7D500F0D2ACE3519009F125D /* LaunchScreen.storyboard */; };
		7D500F1A2ACE3519009F125D /* voiceAppTests.swift in Sources */ = {isa = PBXBuildFile; fileRef = 7D500F192ACE3519009F125D /* voiceAppTests.swift */; };
		7D500F242ACE3519009F125D /* voiceAppUITests.swift in Sources */ = {isa = PBXBuildFile; fileRef = 7D500F232ACE3519009F125D /* voiceAppUITests.swift */; };
		7D500F262ACE3519009F125D /* voiceAppUITestsLaunchTests.swift in Sources */ = {isa = PBXBuildFile; fileRef = 7D500F252ACE3519009F125D /* voiceAppUITestsLaunchTests.swift */; };
		7D8958242ACFB2E4001C1CCB /* PlaySoundsViewController+Audio.swift in Sources */ = {isa = PBXBuildFile; fileRef = 7D8958232ACFB2E4001C1CCB /* PlaySoundsViewController+Audio.swift */; };
/* End PBXBuildFile section */

/* Begin PBXContainerItemProxy section */
		7D500F162ACE3519009F125D /* PBXContainerItemProxy */ = {
			isa = PBXContainerItemProxy;
			containerPortal = 7D500EF72ACE3514009F125D /* Project object */;
			proxyType = 1;
			remoteGlobalIDString = 7D500EFE2ACE3514009F125D;
			remoteInfo = voiceApp;
		};
		7D500F202ACE3519009F125D /* PBXContainerItemProxy */ = {
			isa = PBXContainerItemProxy;
			containerPortal = 7D500EF72ACE3514009F125D /* Project object */;
			proxyType = 1;
			remoteGlobalIDString = 7D500EFE2ACE3514009F125D;
			remoteInfo = voiceApp;
		};
/* End PBXContainerItemProxy section */

/* Begin PBXFileReference section */
		7D33D56E2ACF6F6000F50595 /* PlaySoundsViewController.swift */ = {isa = PBXFileReference; lastKnownFileType = sourcecode.swift; path = PlaySoundsViewController.swift; sourceTree = "<group>"; };
		7D500EFF2ACE3514009F125D /* voiceApp.app */ = {isa = PBXFileReference; explicitFileType = wrapper.application; includeInIndex = 0; path = voiceApp.app; sourceTree = BUILT_PRODUCTS_DIR; };
		7D500F022ACE3514009F125D /* AppDelegate.swift */ = {isa = PBXFileReference; lastKnownFileType = sourcecode.swift; path = AppDelegate.swift; sourceTree = "<group>"; };
		7D500F042ACE3514009F125D /* SceneDelegate.swift */ = {isa = PBXFileReference; lastKnownFileType = sourcecode.swift; path = SceneDelegate.swift; sourceTree = "<group>"; };
		7D500F062ACE3514009F125D /* RecordSoundsViewController.swift */ = {isa = PBXFileReference; lastKnownFileType = sourcecode.swift; path = RecordSoundsViewController.swift; sourceTree = "<group>"; };
		7D500F092ACE3514009F125D /* Base */ = {isa = PBXFileReference; lastKnownFileType = file.storyboard; name = Base; path = Base.lproj/Main.storyboard; sourceTree = "<group>"; };
		7D500F0B2ACE3519009F125D /* Assets.xcassets */ = {isa = PBXFileReference; lastKnownFileType = folder.assetcatalog; path = Assets.xcassets; sourceTree = "<group>"; };
		7D500F0E2ACE3519009F125D /* Base */ = {isa = PBXFileReference; lastKnownFileType = file.storyboard; name = Base; path = Base.lproj/LaunchScreen.storyboard; sourceTree = "<group>"; };
		7D500F102ACE3519009F125D /* Info.plist */ = {isa = PBXFileReference; lastKnownFileType = text.plist.xml; path = Info.plist; sourceTree = "<group>"; };
		7D500F152ACE3519009F125D /* voiceAppTests.xctest */ = {isa = PBXFileReference; explicitFileType = wrapper.cfbundle; includeInIndex = 0; path = voiceAppTests.xctest; sourceTree = BUILT_PRODUCTS_DIR; };
		7D500F192ACE3519009F125D /* voiceAppTests.swift */ = {isa = PBXFileReference; lastKnownFileType = sourcecode.swift; path = voiceAppTests.swift; sourceTree = "<group>"; };
		7D500F1F2ACE3519009F125D /* voiceAppUITests.xctest */ = {isa = PBXFileReference; explicitFileType = wrapper.cfbundle; includeInIndex = 0; path = voiceAppUITests.xctest; sourceTree = BUILT_PRODUCTS_DIR; };
		7D500F232ACE3519009F125D /* voiceAppUITests.swift */ = {isa = PBXFileReference; lastKnownFileType = sourcecode.swift; path = voiceAppUITests.swift; sourceTree = "<group>"; };
		7D500F252ACE3519009F125D /* voiceAppUITestsLaunchTests.swift */ = {isa = PBXFileReference; lastKnownFileType = sourcecode.swift; path = voiceAppUITestsLaunchTests.swift; sourceTree = "<group>"; };
		7D8958232ACFB2E4001C1CCB /* PlaySoundsViewController+Audio.swift */ = {isa = PBXFileReference; lastKnownFileType = sourcecode.swift; path = "PlaySoundsViewController+Audio.swift"; sourceTree = "<group>"; };
/* End PBXFileReference section */

/* Begin PBXFrameworksBuildPhase section */
		7D500EFC2ACE3514009F125D /* Frameworks */ = {
			isa = PBXFrameworksBuildPhase;
			buildActionMask = 2147483647;
			files = (
			);
			runOnlyForDeploymentPostprocessing = 0;
		};
		7D500F122ACE3519009F125D /* Frameworks */ = {
			isa = PBXFrameworksBuildPhase;
			buildActionMask = 2147483647;
			files = (
			);
			runOnlyForDeploymentPostprocessing = 0;
		};
		7D500F1C2ACE3519009F125D /* Frameworks */ = {
			isa = PBXFrameworksBuildPhase;
			buildActionMask = 2147483647;
			files = (
			);
			runOnlyForDeploymentPostprocessing = 0;
		};
/* End PBXFrameworksBuildPhase section */

/* Begin PBXGroup section */
		7D500EF62ACE3514009F125D = {
			isa = PBXGroup;
			children = (
				7D500F012ACE3514009F125D /* voiceApp */,
				7D500F182ACE3519009F125D /* voiceAppTests */,
				7D500F222ACE3519009F125D /* voiceAppUITests */,
				7D500F002ACE3514009F125D /* Products */,
			);
			sourceTree = "<group>";
		};
		7D500F002ACE3514009F125D /* Products */ = {
			isa = PBXGroup;
			children = (
				7D500EFF2ACE3514009F125D /* voiceApp.app */,
				7D500F152ACE3519009F125D /* voiceAppTests.xctest */,
				7D500F1F2ACE3519009F125D /* voiceAppUITests.xctest */,
			);
			name = Products;
			sourceTree = "<group>";
		};
		7D500F012ACE3514009F125D /* voiceApp */ = {
			isa = PBXGroup;
			children = (
				7D500F022ACE3514009F125D /* AppDelegate.swift */,
				7D500F042ACE3514009F125D /* SceneDelegate.swift */,
				7D500F062ACE3514009F125D /* RecordSoundsViewController.swift */,
				7D500F082ACE3514009F125D /* Main.storyboard */,
				7D500F0B2ACE3519009F125D /* Assets.xcassets */,
				7D500F0D2ACE3519009F125D /* LaunchScreen.storyboard */,
				7D500F102ACE3519009F125D /* Info.plist */,
				7D33D56E2ACF6F6000F50595 /* PlaySoundsViewController.swift */,
				7D8958232ACFB2E4001C1CCB /* PlaySoundsViewController+Audio.swift */,
			);
			path = voiceApp;
			sourceTree = "<group>";
		};
		7D500F182ACE3519009F125D /* voiceAppTests */ = {
			isa = PBXGroup;
			children = (
				7D500F192ACE3519009F125D /* voiceAppTests.swift */,
			);
			path = voiceAppTests;
			sourceTree = "<group>";
		};
		7D500F222ACE3519009F125D /* voiceAppUITests */ = {
			isa = PBXGroup;
			children = (
				7D500F232ACE3519009F125D /* voiceAppUITests.swift */,
				7D500F252ACE3519009F125D /* voiceAppUITestsLaunchTests.swift */,
			);
			path = voiceAppUITests;
			sourceTree = "<group>";
		};
/* End PBXGroup section */

/* Begin PBXNativeTarget section */
		7D500EFE2ACE3514009F125D /* voiceApp */ = {
			isa = PBXNativeTarget;
			buildConfigurationList = 7D500F292ACE3519009F125D /* Build configuration list for PBXNativeTarget "voiceApp" */;
			buildPhases = (
				7D500EFB2ACE3514009F125D /* Sources */,
				7D500EFC2ACE3514009F125D /* Frameworks */,
				7D500EFD2ACE3514009F125D /* Resources */,
			);
			buildRules = (
			);
			dependencies = (
			);
			name = voiceApp;
			productName = voiceApp;
			productReference = 7D500EFF2ACE3514009F125D /* voiceApp.app */;
			productType = "com.apple.product-type.application";
		};
		7D500F142ACE3519009F125D /* voiceAppTests */ = {
			isa = PBXNativeTarget;
			buildConfigurationList = 7D500F2C2ACE3519009F125D /* Build configuration list for PBXNativeTarget "voiceAppTests" */;
			buildPhases = (
				7D500F112ACE3519009F125D /* Sources */,
				7D500F122ACE3519009F125D /* Frameworks */,
				7D500F132ACE3519009F125D /* Resources */,
			);
			buildRules = (
			);
			dependencies = (
				7D500F172ACE3519009F125D /* PBXTargetDependency */,
			);
			name = voiceAppTests;
			productName = voiceAppTests;
			productReference = 7D500F152ACE3519009F125D /* voiceAppTests.xctest */;
			productType = "com.apple.product-type.bundle.unit-test";
		};
		7D500F1E2ACE3519009F125D /* voiceAppUITests */ = {
			isa = PBXNativeTarget;
			buildConfigurationList = 7D500F2F2ACE3519009F125D /* Build configuration list for PBXNativeTarget "voiceAppUITests" */;
			buildPhases = (
				7D500F1B2ACE3519009F125D /* Sources */,
				7D500F1C2ACE3519009F125D /* Frameworks */,
				7D500F1D2ACE3519009F125D /* Resources */,
			);
			buildRules = (
			);
			dependencies = (
				7D500F212ACE3519009F125D /* PBXTargetDependency */,
			);
			name = voiceAppUITests;
			productName = voiceAppUITests;
			productReference = 7D500F1F2ACE3519009F125D /* voiceAppUITests.xctest */;
			productType = "com.apple.product-type.bundle.ui-testing";
		};
/* End PBXNativeTarget section */

/* Begin PBXProject section */
		7D500EF72ACE3514009F125D /* Project object */ = {
			isa = PBXProject;
			attributes = {
				BuildIndependentTargetsInParallel = 1;
				LastSwiftUpdateCheck = 1500;
				LastUpgradeCheck = 1500;
				TargetAttributes = {
					7D500EFE2ACE3514009F125D = {
						CreatedOnToolsVersion = 15.0;
					};
					7D500F142ACE3519009F125D = {
						CreatedOnToolsVersion = 15.0;
						TestTargetID = 7D500EFE2ACE3514009F125D;
					};
					7D500F1E2ACE3519009F125D = {
						CreatedOnToolsVersion = 15.0;
						TestTargetID = 7D500EFE2ACE3514009F125D;
					};
				};
			};
			buildConfigurationList = 7D500EFA2ACE3514009F125D /* Build configuration list for PBXProject "voiceApp" */;
			compatibilityVersion = "Xcode 14.0";
			developmentRegion = en;
			hasScannedForEncodings = 0;
			knownRegions = (
				en,
				Base,
			);
			mainGroup = 7D500EF62ACE3514009F125D;
			productRefGroup = 7D500F002ACE3514009F125D /* Products */;
			projectDirPath = "";
			projectRoot = "";
			targets = (
				7D500EFE2ACE3514009F125D /* voiceApp */,
				7D500F142ACE3519009F125D /* voiceAppTests */,
				7D500F1E2ACE3519009F125D /* voiceAppUITests */,
			);
		};
/* End PBXProject section */

/* Begin PBXResourcesBuildPhase section */
		7D500EFD2ACE3514009F125D /* Resources */ = {
			isa = PBXResourcesBuildPhase;
			buildActionMask = 2147483647;
			files = (
				7D500F0F2ACE3519009F125D /* LaunchScreen.storyboard in Resources */,
				7D500F0C2ACE3519009F125D /* Assets.xcassets in Resources */,
				7D500F0A2ACE3514009F125D /* Main.storyboard in Resources */,
			);
			runOnlyForDeploymentPostprocessing = 0;
		};
		7D500F132ACE3519009F125D /* Resources */ = {
			isa = PBXResourcesBuildPhase;
			buildActionMask = 2147483647;
			files = (
			);
			runOnlyForDeploymentPostprocessing = 0;
		};
		7D500F1D2ACE3519009F125D /* Resources */ = {
			isa = PBXResourcesBuildPhase;
			buildActionMask = 2147483647;
			files = (
			);
			runOnlyForDeploymentPostprocessing = 0;
		};
/* End PBXResourcesBuildPhase section */

/* Begin PBXSourcesBuildPhase section */
		7D500EFB2ACE3514009F125D /* Sources */ = {
			isa = PBXSourcesBuildPhase;
			buildActionMask = 2147483647;
			files = (
				7D8958242ACFB2E4001C1CCB /* PlaySoundsViewController+Audio.swift in Sources */,
				7D500F072ACE3514009F125D /* RecordSoundsViewController.swift in Sources */,
				7D500F032ACE3514009F125D /* AppDelegate.swift in Sources */,
				7D33D56F2ACF6F6000F50595 /* PlaySoundsViewController.swift in Sources */,
				7D500F052ACE3514009F125D /* SceneDelegate.swift in Sources */,
			);
			runOnlyForDeploymentPostprocessing = 0;
		};
		7D500F112ACE3519009F125D /* Sources */ = {
			isa = PBXSourcesBuildPhase;
			buildActionMask = 2147483647;
			files = (
				7D500F1A2ACE3519009F125D /* voiceAppTests.swift in Sources */,
			);
			runOnlyForDeploymentPostprocessing = 0;
		};
		7D500F1B2ACE3519009F125D /* Sources */ = {
			isa = PBXSourcesBuildPhase;
			buildActionMask = 2147483647;
			files = (
				7D500F262ACE3519009F125D /* voiceAppUITestsLaunchTests.swift in Sources */,
				7D500F242ACE3519009F125D /* voiceAppUITests.swift in Sources */,
			);
			runOnlyForDeploymentPostprocessing = 0;
		};
/* End PBXSourcesBuildPhase section */

/* Begin PBXTargetDependency section */
		7D500F172ACE3519009F125D /* PBXTargetDependency */ = {
			isa = PBXTargetDependency;
			target = 7D500EFE2ACE3514009F125D /* voiceApp */;
			targetProxy = 7D500F162ACE3519009F125D /* PBXContainerItemProxy */;
		};
		7D500F212ACE3519009F125D /* PBXTargetDependency */ = {
			isa = PBXTargetDependency;
			target = 7D500EFE2ACE3514009F125D /* voiceApp */;
			targetProxy = 7D500F202ACE3519009F125D /* PBXContainerItemProxy */;
		};
/* End PBXTargetDependency section */

/* Begin PBXVariantGroup section */
		7D500F082ACE3514009F125D /* Main.storyboard */ = {
			isa = PBXVariantGroup;
			children = (
				7D500F092ACE3514009F125D /* Base */,
			);
			name = Main.storyboard;
			sourceTree = "<group>";
		};
		7D500F0D2ACE3519009F125D /* LaunchScreen.storyboard */ = {
			isa = PBXVariantGroup;
			children = (
				7D500F0E2ACE3519009F125D /* Base */,
			);
			name = LaunchScreen.storyboard;
			sourceTree = "<group>";
		};
/* End PBXVariantGroup section */

/* Begin XCBuildConfiguration section */
		7D500F272ACE3519009F125D /* Debug */ = {
			isa = XCBuildConfiguration;
			buildSettings = {
				ALWAYS_SEARCH_USER_PATHS = NO;
				ASSETCATALOG_COMPILER_GENERATE_SWIFT_ASSET_SYMBOL_EXTENSIONS = YES;
				CLANG_ANALYZER_NONNULL = YES;
				CLANG_ANALYZER_NUMBER_OBJECT_CONVERSION = YES_AGGRESSIVE;
				CLANG_CXX_LANGUAGE_STANDARD = "gnu++20";
				CLANG_ENABLE_MODULES = YES;
				CLANG_ENABLE_OBJC_ARC = YES;
				CLANG_ENABLE_OBJC_WEAK = YES;
				CLANG_WARN_BLOCK_CAPTURE_AUTORELEASING = YES;
				CLANG_WARN_BOOL_CONVERSION = YES;
				CLANG_WARN_COMMA = YES;
				CLANG_WARN_CONSTANT_CONVERSION = YES;
				CLANG_WARN_DEPRECATED_OBJC_IMPLEMENTATIONS = YES;
				CLANG_WARN_DIRECT_OBJC_ISA_USAGE = YES_ERROR;
				CLANG_WARN_DOCUMENTATION_COMMENTS = YES;
				CLANG_WARN_EMPTY_BODY = YES;
				CLANG_WARN_ENUM_CONVERSION = YES;
				CLANG_WARN_INFINITE_RECURSION = YES;
				CLANG_WARN_INT_CONVERSION = YES;
				CLANG_WARN_NON_LITERAL_NULL_CONVERSION = YES;
				CLANG_WARN_OBJC_IMPLICIT_RETAIN_SELF = YES;
				CLANG_WARN_OBJC_LITERAL_CONVERSION = YES;
				CLANG_WARN_OBJC_ROOT_CLASS = YES_ERROR;
				CLANG_WARN_QUOTED_INCLUDE_IN_FRAMEWORK_HEADER = YES;
				CLANG_WARN_RANGE_LOOP_ANALYSIS = YES;
				CLANG_WARN_STRICT_PROTOTYPES = YES;
				CLANG_WARN_SUSPICIOUS_MOVE = YES;
				CLANG_WARN_UNGUARDED_AVAILABILITY = YES_AGGRESSIVE;
				CLANG_WARN_UNREACHABLE_CODE = YES;
				CLANG_WARN__DUPLICATE_METHOD_MATCH = YES;
				COPY_PHASE_STRIP = NO;
				DEBUG_INFORMATION_FORMAT = dwarf;
				ENABLE_STRICT_OBJC_MSGSEND = YES;
				ENABLE_TESTABILITY = YES;
				ENABLE_USER_SCRIPT_SANDBOXING = YES;
				GCC_C_LANGUAGE_STANDARD = gnu17;
				GCC_DYNAMIC_NO_PIC = NO;
				GCC_NO_COMMON_BLOCKS = YES;
				GCC_OPTIMIZATION_LEVEL = 0;
				GCC_PREPROCESSOR_DEFINITIONS = (
					"DEBUG=1",
					"$(inherited)",
				);
				GCC_WARN_64_TO_32_BIT_CONVERSION = YES;
				GCC_WARN_ABOUT_RETURN_TYPE = YES_ERROR;
				GCC_WARN_UNDECLARED_SELECTOR = YES;
				GCC_WARN_UNINITIALIZED_AUTOS = YES_AGGRESSIVE;
				GCC_WARN_UNUSED_FUNCTION = YES;
				GCC_WARN_UNUSED_VARIABLE = YES;
				IPHONEOS_DEPLOYMENT_TARGET = 17.0;
				LOCALIZATION_PREFERS_STRING_CATALOGS = YES;
				MTL_ENABLE_DEBUG_INFO = INCLUDE_SOURCE;
				MTL_FAST_MATH = YES;
				ONLY_ACTIVE_ARCH = YES;
				SDKROOT = iphoneos;
				SWIFT_ACTIVE_COMPILATION_CONDITIONS = "DEBUG $(inherited)";
				SWIFT_OPTIMIZATION_LEVEL = "-Onone";
			};
			name = Debug;
		};
		7D500F282ACE3519009F125D /* Release */ = {
			isa = XCBuildConfiguration;
			buildSettings = {
				ALWAYS_SEARCH_USER_PATHS = NO;
				ASSETCATALOG_COMPILER_GENERATE_SWIFT_ASSET_SYMBOL_EXTENSIONS = YES;
				CLANG_ANALYZER_NONNULL = YES;
				CLANG_ANALYZER_NUMBER_OBJECT_CONVERSION = YES_AGGRESSIVE;
				CLANG_CXX_LANGUAGE_STANDARD = "gnu++20";
				CLANG_ENABLE_MODULES = YES;
				CLANG_ENABLE_OBJC_ARC = YES;
				CLANG_ENABLE_OBJC_WEAK = YES;
				CLANG_WARN_BLOCK_CAPTURE_AUTORELEASING = YES;
				CLANG_WARN_BOOL_CONVERSION = YES;
				CLANG_WARN_COMMA = YES;
				CLANG_WARN_CONSTANT_CONVERSION = YES;
				CLANG_WARN_DEPRECATED_OBJC_IMPLEMENTATIONS = YES;
				CLANG_WARN_DIRECT_OBJC_ISA_USAGE = YES_ERROR;
				CLANG_WARN_DOCUMENTATION_COMMENTS = YES;
				CLANG_WARN_EMPTY_BODY = YES;
				CLANG_WARN_ENUM_CONVERSION = YES;
				CLANG_WARN_INFINITE_RECURSION = YES;
				CLANG_WARN_INT_CONVERSION = YES;
				CLANG_WARN_NON_LITERAL_NULL_CONVERSION = YES;
				CLANG_WARN_OBJC_IMPLICIT_RETAIN_SELF = YES;
				CLANG_WARN_OBJC_LITERAL_CONVERSION = YES;
				CLANG_WARN_OBJC_ROOT_CLASS = YES_ERROR;
				CLANG_WARN_QUOTED_INCLUDE_IN_FRAMEWORK_HEADER = YES;
				CLANG_WARN_RANGE_LOOP_ANALYSIS = YES;
				CLANG_WARN_STRICT_PROTOTYPES = YES;
				CLANG_WARN_SUSPICIOUS_MOVE = YES;
				CLANG_WARN_UNGUARDED_AVAILABILITY = YES_AGGRESSIVE;
				CLANG_WARN_UNREACHABLE_CODE = YES;
				CLANG_WARN__DUPLICATE_METHOD_MATCH = YES;
				COPY_PHASE_STRIP = NO;
				DEBUG_INFORMATION_FORMAT = "dwarf-with-dsym";
				ENABLE_NS_ASSERTIONS = NO;
				ENABLE_STRICT_OBJC_MSGSEND = YES;
				ENABLE_USER_SCRIPT_SANDBOXING = YES;
				GCC_C_LANGUAGE_STANDARD = gnu17;
				GCC_NO_COMMON_BLOCKS = YES;
				GCC_WARN_64_TO_32_BIT_CONVERSION = YES;
				GCC_WARN_ABOUT_RETURN_TYPE = YES_ERROR;
				GCC_WARN_UNDECLARED_SELECTOR = YES;
				GCC_WARN_UNINITIALIZED_AUTOS = YES_AGGRESSIVE;
				GCC_WARN_UNUSED_FUNCTION = YES;
				GCC_WARN_UNUSED_VARIABLE = YES;
				IPHONEOS_DEPLOYMENT_TARGET = 17.0;
				LOCALIZATION_PREFERS_STRING_CATALOGS = YES;
				MTL_ENABLE_DEBUG_INFO = NO;
				MTL_FAST_MATH = YES;
				SDKROOT = iphoneos;
				SWIFT_COMPILATION_MODE = wholemodule;
				VALIDATE_PRODUCT = YES;
			};
			name = Release;
		};
		7D500F2A2ACE3519009F125D /* Debug */ = {
			isa = XCBuildConfiguration;
			buildSettings = {
				ASSETCATALOG_COMPILER_APPICON_NAME = AppIcon;
				ASSETCATALOG_COMPILER_GLOBAL_ACCENT_COLOR_NAME = AccentColor;
				CODE_SIGN_STYLE = Automatic;
				CURRENT_PROJECT_VERSION = 1;
				GENERATE_INFOPLIST_FILE = YES;
				INFOPLIST_FILE = voiceApp/Info.plist;
				INFOPLIST_KEY_UIApplicationSupportsIndirectInputEvents = YES;
				INFOPLIST_KEY_UILaunchStoryboardName = LaunchScreen;
				INFOPLIST_KEY_UIMainStoryboardFile = Main;
				INFOPLIST_KEY_UISupportedInterfaceOrientations_iPad = "UIInterfaceOrientationPortrait UIInterfaceOrientationPortraitUpsideDown UIInterfaceOrientationLandscapeLeft UIInterfaceOrientationLandscapeRight";
				INFOPLIST_KEY_UISupportedInterfaceOrientations_iPhone = "UIInterfaceOrientationPortrait UIInterfaceOrientationLandscapeLeft UIInterfaceOrientationLandscapeRight";
				LD_RUNPATH_SEARCH_PATHS = (
					"$(inherited)",
					"@executable_path/Frameworks",
				);
				MARKETING_VERSION = 1.0;
				PRODUCT_BUNDLE_IDENTIFIER = Udacity.voiceApp;
				PRODUCT_NAME = "$(TARGET_NAME)";
				SWIFT_EMIT_LOC_STRINGS = YES;
				SWIFT_VERSION = 5.0;
				TARGETED_DEVICE_FAMILY = "1,2";
			};
			name = Debug;
		};
		7D500F2B2ACE3519009F125D /* Release */ = {
			isa = XCBuildConfiguration;
			buildSettings = {
				ASSETCATALOG_COMPILER_APPICON_NAME = AppIcon;
				ASSETCATALOG_COMPILER_GLOBAL_ACCENT_COLOR_NAME = AccentColor;
				CODE_SIGN_STYLE = Automatic;
				CURRENT_PROJECT_VERSION = 1;
				GENERATE_INFOPLIST_FILE = YES;
				INFOPLIST_FILE = voiceApp/Info.plist;
				INFOPLIST_KEY_UIApplicationSupportsIndirectInputEvents = YES;
				INFOPLIST_KEY_UILaunchStoryboardName = LaunchScreen;
				INFOPLIST_KEY_UIMainStoryboardFile = Main;
				INFOPLIST_KEY_UISupportedInterfaceOrientations_iPad = "UIInterfaceOrientationPortrait UIInterfaceOrientationPortraitUpsideDown UIInterfaceOrientationLandscapeLeft UIInterfaceOrientationLandscapeRight";
				INFOPLIST_KEY_UISupportedInterfaceOrientations_iPhone = "UIInterfaceOrientationPortrait UIInterfaceOrientationLandscapeLeft UIInterfaceOrientationLandscapeRight";
				LD_RUNPATH_SEARCH_PATHS = (
					"$(inherited)",
					"@executable_path/Frameworks",
				);
				MARKETING_VERSION = 1.0;
				PRODUCT_BUNDLE_IDENTIFIER = Udacity.voiceApp;
				PRODUCT_NAME = "$(TARGET_NAME)";
				SWIFT_EMIT_LOC_STRINGS = YES;
				SWIFT_VERSION = 5.0;
				TARGETED_DEVICE_FAMILY = "1,2";
			};
			name = Release;
		};
		7D500F2D2ACE3519009F125D /* Debug */ = {
			isa = XCBuildConfiguration;
			buildSettings = {
				ALWAYS_EMBED_SWIFT_STANDARD_LIBRARIES = YES;
				BUNDLE_LOADER = "$(TEST_HOST)";
				CODE_SIGN_STYLE = Automatic;
				CURRENT_PROJECT_VERSION = 1;
				GENERATE_INFOPLIST_FILE = YES;
				IPHONEOS_DEPLOYMENT_TARGET = 17.0;
				MARKETING_VERSION = 1.0;
				PRODUCT_BUNDLE_IDENTIFIER = Udacity.voiceAppTests;
				PRODUCT_NAME = "$(TARGET_NAME)";
				SWIFT_EMIT_LOC_STRINGS = NO;
				SWIFT_VERSION = 5.0;
				TARGETED_DEVICE_FAMILY = "1,2";
				TEST_HOST = "$(BUILT_PRODUCTS_DIR)/voiceApp.app/$(BUNDLE_EXECUTABLE_FOLDER_PATH)/voiceApp";
			};
			name = Debug;
		};
		7D500F2E2ACE3519009F125D /* Release */ = {
			isa = XCBuildConfiguration;
			buildSettings = {
				ALWAYS_EMBED_SWIFT_STANDARD_LIBRARIES = YES;
				BUNDLE_LOADER = "$(TEST_HOST)";
				CODE_SIGN_STYLE = Automatic;
				CURRENT_PROJECT_VERSION = 1;
				GENERATE_INFOPLIST_FILE = YES;
				IPHONEOS_DEPLOYMENT_TARGET = 17.0;
				MARKETING_VERSION = 1.0;
				PRODUCT_BUNDLE_IDENTIFIER = Udacity.voiceAppTests;
				PRODUCT_NAME = "$(TARGET_NAME)";
				SWIFT_EMIT_LOC_STRINGS = NO;
				SWIFT_VERSION = 5.0;
				TARGETED_DEVICE_FAMILY = "1,2";
				TEST_HOST = "$(BUILT_PRODUCTS_DIR)/voiceApp.app/$(BUNDLE_EXECUTABLE_FOLDER_PATH)/voiceApp";
			};
			name = Release;
		};
		7D500F302ACE3519009F125D /* Debug */ = {
			isa = XCBuildConfiguration;
			buildSettings = {
				ALWAYS_EMBED_SWIFT_STANDARD_LIBRARIES = YES;
				CODE_SIGN_STYLE = Automatic;
				CURRENT_PROJECT_VERSION = 1;
				GENERATE_INFOPLIST_FILE = YES;
				MARKETING_VERSION = 1.0;
				PRODUCT_BUNDLE_IDENTIFIER = Udacity.voiceAppUITests;
				PRODUCT_NAME = "$(TARGET_NAME)";
				SWIFT_EMIT_LOC_STRINGS = NO;
				SWIFT_VERSION = 5.0;
				TARGETED_DEVICE_FAMILY = "1,2";
				TEST_TARGET_NAME = voiceApp;
			};
			name = Debug;
		};
		7D500F312ACE3519009F125D /* Release */ = {
			isa = XCBuildConfiguration;
			buildSettings = {
				ALWAYS_EMBED_SWIFT_STANDARD_LIBRARIES = YES;
				CODE_SIGN_STYLE = Automatic;
				CURRENT_PROJECT_VERSION = 1;
				GENERATE_INFOPLIST_FILE = YES;
				MARKETING_VERSION = 1.0;
				PRODUCT_BUNDLE_IDENTIFIER = Udacity.voiceAppUITests;
				PRODUCT_NAME = "$(TARGET_NAME)";
				SWIFT_EMIT_LOC_STRINGS = NO;
				SWIFT_VERSION = 5.0;
				TARGETED_DEVICE_FAMILY = "1,2";
				TEST_TARGET_NAME = voiceApp;
			};
			name = Release;
		};
/* End XCBuildConfiguration section */

/* Begin XCConfigurationList section */
		7D500EFA2ACE3514009F125D /* Build configuration list for PBXProject "voiceApp" */ = {
			isa = XCConfigurationList;
			buildConfigurations = (
				7D500F272ACE3519009F125D /* Debug */,
				7D500F282ACE3519009F125D /* Release */,
			);
			defaultConfigurationIsVisible = 0;
			defaultConfigurationName = Release;
		};
		7D500F292ACE3519009F125D /* Build configuration list for PBXNativeTarget "voiceApp" */ = {
			isa = XCConfigurationList;
			buildConfigurations = (
				7D500F2A2ACE3519009F125D /* Debug */,
				7D500F2B2ACE3519009F125D /* Release */,
			);
			defaultConfigurationIsVisible = 0;
			defaultConfigurationName = Release;
		};
		7D500F2C2ACE3519009F125D /* Build configuration list for PBXNativeTarget "voiceAppTests" */ = {
			isa = XCConfigurationList;
			buildConfigurations = (
				7D500F2D2ACE3519009F125D /* Debug */,
				7D500F2E2ACE3519009F125D /* Release */,
			);
			defaultConfigurationIsVisible = 0;
			defaultConfigurationName = Release;
		};
		7D500F2F2ACE3519009F125D /* Build configuration list for PBXNativeTarget "voiceAppUITests" */ = {
			isa = XCConfigurationList;
			buildConfigurations = (
				7D500F302ACE3519009F125D /* Debug */,
				7D500F312ACE3519009F125D /* Release */,
			);
			defaultConfigurationIsVisible = 0;
			defaultConfigurationName = Release;
		};
/* End XCConfigurationList section */
	};
	rootObject = 7D500EF72ACE3514009F125D /* Project object */;
}
